
Microsoft Visual Studio Solution File, Format Version 12.00
# Visual Studio Version 16
VisualStudioVersion = 16.0.30907.101
MinimumVisualStudioVersion = 10.0.40219.1
Project("{2150E333-8FDC-42A3-9474-1A3956D46DE8}") = "Source", "Source", "{3881E739-B7D9-4DAE-A64F-20DBD937E3A7}"
EndProject
Project("{2150E333-8FDC-42A3-9474-1A3956D46DE8}") = "Tests", "Tests", "{9E1A12C6-BAED-46CC-9790-8646597CAC39}"
EndProject
Project("{2150E333-8FDC-42A3-9474-1A3956D46DE8}") = "Core", "Core", "{BE9607D1-F949-43C6-ACA1-D41A598371A9}"
EndProject
Project("{2150E333-8FDC-42A3-9474-1A3956D46DE8}") = "Presentation", "Presentation", "{BDC51072-B87E-4362-8C6B-69EC536CF33A}"
EndProject
Project("{2150E333-8FDC-42A3-9474-1A3956D46DE8}") = "Infrastructures", "Infrastructures", "{6A69E229-E16B-401D-A2F1-8739D9A72958}"
EndProject
Project("{9A19103F-16F7-4668-BE54-9A1E7A4F7556}") = "Application", "Source\Core\Application\Application.csproj", "{AEFA1020-5286-4811-A3A2-BDF4B005E6AE}"
EndProject
Project("{9A19103F-16F7-4668-BE54-9A1E7A4F7556}") = "Domain", "Source\Core\Domain\Domain.csproj", "{FC8F2040-B1CA-4157-AFED-4FB775ED6B63}"
EndProject
Project("{9A19103F-16F7-4668-BE54-9A1E7A4F7556}") = "Infrastructure", "Source\Infrastructure\Infrastructure.csproj", "{D9ABE064-CDD8-4F37-8E65-99B27FE9FA00}"
EndProject
Project("{9A19103F-16F7-4668-BE54-9A1E7A4F7556}") = "API", "Source\Presentation\API\API.csproj", "{BE607D30-5F87-459D-83B8-BD4E899765C2}"
EndProject
Project("{2150E333-8FDC-42A3-9474-1A3956D46DE8}") = "Docs", "Docs", "{E42620FA-B66C-4513-9C9A-1CE40615F7EA}"
	ProjectSection(SolutionItems) = preProject
		Docs\PostmanCollection\Seven Peaks VehicleTracking System API.postman_collection.json = Docs\PostmanCollection\Seven Peaks VehicleTracking System API.postman_collection.json
	EndProjectSection
EndProject
Project("{E53339B2-1760-4266-BCC7-CA923CBCF16C}") = "docker-compose", "docker-compose.dcproj", "{E89DDBB3-996D-43BF-B1B4-7A252608CC67}"
EndProject
Global
	GlobalSection(SolutionConfigurationPlatforms) = preSolution
		Debug|Any CPU = Debug|Any CPU
		Release|Any CPU = Release|Any CPU
	EndGlobalSection
	GlobalSection(ProjectConfigurationPlatforms) = postSolution
		{AEFA1020-5286-4811-A3A2-BDF4B005E6AE}.Debug|Any CPU.ActiveCfg = Debug|Any CPU
		{AEFA1020-5286-4811-A3A2-BDF4B005E6AE}.Debug|Any CPU.Build.0 = Debug|Any CPU
		{AEFA1020-5286-4811-A3A2-BDF4B005E6AE}.Release|Any CPU.ActiveCfg = Release|Any CPU
		{AEFA1020-5286-4811-A3A2-BDF4B005E6AE}.Release|Any CPU.Build.0 = Release|Any CPU
		{FC8F2040-B1CA-4157-AFED-4FB775ED6B63}.Debug|Any CPU.ActiveCfg = Debug|Any CPU
		{FC8F2040-B1CA-4157-AFED-4FB775ED6B63}.Debug|Any CPU.Build.0 = Debug|Any CPU
		{FC8F2040-B1CA-4157-AFED-4FB775ED6B63}.Release|Any CPU.ActiveCfg = Release|Any CPU
		{FC8F2040-B1CA-4157-AFED-4FB775ED6B63}.Release|Any CPU.Build.0 = Release|Any CPU
		{D9ABE064-CDD8-4F37-8E65-99B27FE9FA00}.Debug|Any CPU.ActiveCfg = Debug|Any CPU
		{D9ABE064-CDD8-4F37-8E65-99B27FE9FA00}.Debug|Any CPU.Build.0 = Debug|Any CPU
		{D9ABE064-CDD8-4F37-8E65-99B27FE9FA00}.Release|Any CPU.ActiveCfg = Release|Any CPU
		{D9ABE064-CDD8-4F37-8E65-99B27FE9FA00}.Release|Any CPU.Build.0 = Release|Any CPU
		{BE607D30-5F87-459D-83B8-BD4E899765C2}.Debug|Any CPU.ActiveCfg = Debug|Any CPU
		{BE607D30-5F87-459D-83B8-BD4E899765C2}.Debug|Any CPU.Build.0 = Debug|Any CPU
		{BE607D30-5F87-459D-83B8-BD4E899765C2}.Release|Any CPU.ActiveCfg = Release|Any CPU
		{BE607D30-5F87-459D-83B8-BD4E899765C2}.Release|Any CPU.Build.0 = Release|Any CPU
		{E89DDBB3-996D-43BF-B1B4-7A252608CC67}.Debug|Any CPU.ActiveCfg = Debug|Any CPU
		{E89DDBB3-996D-43BF-B1B4-7A252608CC67}.Debug|Any CPU.Build.0 = Debug|Any CPU
		{E89DDBB3-996D-43BF-B1B4-7A252608CC67}.Release|Any CPU.ActiveCfg = Release|Any CPU
		{E89DDBB3-996D-43BF-B1B4-7A252608CC67}.Release|Any CPU.Build.0 = Release|Any CPU
	EndGlobalSection
	GlobalSection(SolutionProperties) = preSolution
		HideSolutionNode = FALSE
	EndGlobalSection
	GlobalSection(NestedProjects) = preSolution
		{BE9607D1-F949-43C6-ACA1-D41A598371A9} = {3881E739-B7D9-4DAE-A64F-20DBD937E3A7}
		{BDC51072-B87E-4362-8C6B-69EC536CF33A} = {3881E739-B7D9-4DAE-A64F-20DBD937E3A7}
		{6A69E229-E16B-401D-A2F1-8739D9A72958} = {3881E739-B7D9-4DAE-A64F-20DBD937E3A7}
		{AEFA1020-5286-4811-A3A2-BDF4B005E6AE} = {BE9607D1-F949-43C6-ACA1-D41A598371A9}
		{FC8F2040-B1CA-4157-AFED-4FB775ED6B63} = {BE9607D1-F949-43C6-ACA1-D41A598371A9}
		{D9ABE064-CDD8-4F37-8E65-99B27FE9FA00} = {6A69E229-E16B-401D-A2F1-8739D9A72958}
		{BE607D30-5F87-459D-83B8-BD4E899765C2} = {BDC51072-B87E-4362-8C6B-69EC536CF33A}
	EndGlobalSection
	GlobalSection(ExtensibilityGlobals) = postSolution
		SolutionGuid = {2E085209-F55D-4CF6-8DDF-5E115FB7A975}
	EndGlobalSection
EndGlobal
